
Microsoft Visual Studio Solution File, Format Version 12.00
# Visual Studio Version 16
VisualStudioVersion = 16.0.28917.181
MinimumVisualStudioVersion = 10.0.40219.1
Project("{FAE04EC0-301F-11D3-BF4B-00C04F79EFBC}") = "WorkTimeLoggerEmulator.WinForms", "WorkTimeLoggerEmulator.WinForms\WorkTimeLoggerEmulator.WinForms.csproj", "{4EA6582E-EC1A-4F4A-A10C-B78D36A1EE8C}"
EndProject
Project("{FAE04EC0-301F-11D3-BF4B-00C04F79EFBC}") = "WorkTimeLoggerEmulator.ApiClient", "WorkTimeLoggerEmulator.ApiClient\WorkTimeLoggerEmulator.ApiClient.csproj", "{CA141BAD-565C-4A43-A6D2-89B86565BC3A}"
EndProject
Project("{FAE04EC0-301F-11D3-BF4B-00C04F79EFBC}") = "Tests.ApiClient", "Tests.ApiClient\Tests.ApiClient.csproj", "{9B07E1E7-B9D1-4359-B2F8-76AD4B13FE53}"
EndProject
Global
	GlobalSection(SolutionConfigurationPlatforms) = preSolution
		Debug|Any CPU = Debug|Any CPU
		Release|Any CPU = Release|Any CPU
	EndGlobalSection
	GlobalSection(ProjectConfigurationPlatforms) = postSolution
		{4EA6582E-EC1A-4F4A-A10C-B78D36A1EE8C}.Debug|Any CPU.ActiveCfg = Debug|Any CPU
		{4EA6582E-EC1A-4F4A-A10C-B78D36A1EE8C}.Debug|Any CPU.Build.0 = Debug|Any CPU
		{4EA6582E-EC1A-4F4A-A10C-B78D36A1EE8C}.Release|Any CPU.ActiveCfg = Release|Any CPU
		{4EA6582E-EC1A-4F4A-A10C-B78D36A1EE8C}.Release|Any CPU.Build.0 = Release|Any CPU
		{CA141BAD-565C-4A43-A6D2-89B86565BC3A}.Debug|Any CPU.ActiveCfg = Debug|Any CPU
		{CA141BAD-565C-4A43-A6D2-89B86565BC3A}.Debug|Any CPU.Build.0 = Debug|Any CPU
		{CA141BAD-565C-4A43-A6D2-89B86565BC3A}.Release|Any CPU.ActiveCfg = Release|Any CPU
		{CA141BAD-565C-4A43-A6D2-89B86565BC3A}.Release|Any CPU.Build.0 = Release|Any CPU
		{9B07E1E7-B9D1-4359-B2F8-76AD4B13FE53}.Debug|Any CPU.ActiveCfg = Debug|Any CPU
		{9B07E1E7-B9D1-4359-B2F8-76AD4B13FE53}.Debug|Any CPU.Build.0 = Debug|Any CPU
		{9B07E1E7-B9D1-4359-B2F8-76AD4B13FE53}.Release|Any CPU.ActiveCfg = Release|Any CPU
		{9B07E1E7-B9D1-4359-B2F8-76AD4B13FE53}.Release|Any CPU.Build.0 = Release|Any CPU
	EndGlobalSection
	GlobalSection(SolutionProperties) = preSolution
		HideSolutionNode = FALSE
	EndGlobalSection
	GlobalSection(ExtensibilityGlobals) = postSolution
		SolutionGuid = {DDA5C1FE-5DA0-43F1-8D0B-B3F361BDF4B8}
	EndGlobalSection
EndGlobal
